// !$*UTF8*$!
{
	archiveVersion = 1;
	classes = {
	};
	objectVersion = 50;
	objects = {

/* Begin PBXBuildFile section */
		733C3C1020E8CAFB005983CE /* AppDelegate.swift in Sources */ = {isa = PBXBuildFile; fileRef = 733C3C0F20E8CAFB005983CE /* AppDelegate.swift */; };
		733C3C1220E8CAFB005983CE /* ViewController.swift in Sources */ = {isa = PBXBuildFile; fileRef = 733C3C1120E8CAFB005983CE /* ViewController.swift */; };
		733C3C1520E8CAFB005983CE /* Main.storyboard in Resources */ = {isa = PBXBuildFile; fileRef = 733C3C1320E8CAFB005983CE /* Main.storyboard */; };
		733C3C1720E8CAFC005983CE /* Assets.xcassets in Resources */ = {isa = PBXBuildFile; fileRef = 733C3C1620E8CAFC005983CE /* Assets.xcassets */; };
		733C3C1A20E8CAFC005983CE /* LaunchScreen.storyboard in Resources */ = {isa = PBXBuildFile; fileRef = 733C3C1820E8CAFC005983CE /* LaunchScreen.storyboard */; };
		733C3C2F20E8D80F005983CE /* DynamicView.swift in Sources */ = {isa = PBXBuildFile; fileRef = 733C3C2E20E8D80F005983CE /* DynamicView.swift */; };
		733C3C3120E8D824005983CE /* DynamicView.xib in Resources */ = {isa = PBXBuildFile; fileRef = 733C3C3020E8D824005983CE /* DynamicView.xib */; };
/* End PBXBuildFile section */

/* Begin PBXFileReference section */
		733C3C0C20E8CAFB005983CE /* DynamicTitleViewSwift.app */ = {isa = PBXFileReference; explicitFileType = wrapper.application; includeInIndex = 0; path = DynamicTitleViewSwift.app; sourceTree = BUILT_PRODUCTS_DIR; };
		733C3C0F20E8CAFB005983CE /* AppDelegate.swift */ = {isa = PBXFileReference; lastKnownFileType = sourcecode.swift; path = AppDelegate.swift; sourceTree = "<group>"; };
		733C3C1120E8CAFB005983CE /* ViewController.swift */ = {isa = PBXFileReference; lastKnownFileType = sourcecode.swift; path = ViewController.swift; sourceTree = "<group>"; };
		733C3C1420E8CAFB005983CE /* Base */ = {isa = PBXFileReference; lastKnownFileType = file.storyboard; name = Base; path = Base.lproj/Main.storyboard; sourceTree = "<group>"; };
		733C3C1620E8CAFC005983CE /* Assets.xcassets */ = {isa = PBXFileReference; lastKnownFileType = folder.assetcatalog; path = Assets.xcassets; sourceTree = "<group>"; };
		733C3C1920E8CAFC005983CE /* Base */ = {isa = PBXFileReference; lastKnownFileType = file.storyboard; name = Base; path = Base.lproj/LaunchScreen.storyboard; sourceTree = "<group>"; };
		733C3C1B20E8CAFC005983CE /* Info.plist */ = {isa = PBXFileReference; lastKnownFileType = text.plist.xml; path = Info.plist; sourceTree = "<group>"; };
		733C3C2E20E8D80F005983CE /* DynamicView.swift */ = {isa = PBXFileReference; lastKnownFileType = sourcecode.swift; path = DynamicView.swift; sourceTree = "<group>"; };
		733C3C3020E8D824005983CE /* DynamicView.xib */ = {isa = PBXFileReference; lastKnownFileType = file.xib; path = DynamicView.xib; sourceTree = "<group>"; };
/* End PBXFileReference section */

/* Begin PBXFrameworksBuildPhase section */
		733C3C0920E8CAFB005983CE /* Frameworks */ = {
			isa = PBXFrameworksBuildPhase;
			buildActionMask = 2147483647;
			files = (
			);
			runOnlyForDeploymentPostprocessing = 0;
		};
/* End PBXFrameworksBuildPhase section */

/* Begin PBXGroup section */
		733C3C0320E8CAFB005983CE = {
			isa = PBXGroup;
			children = (
				733C3C0E20E8CAFB005983CE /* DynamicTitleViewSwift */,
				733C3C0D20E8CAFB005983CE /* Products */,
			);
			sourceTree = "<group>";
		};
		733C3C0D20E8CAFB005983CE /* Products */ = {
			isa = PBXGroup;
			children = (
				733C3C0C20E8CAFB005983CE /* DynamicTitleViewSwift.app */,
			);
			name = Products;
			sourceTree = "<group>";
		};
		733C3C0E20E8CAFB005983CE /* DynamicTitleViewSwift */ = {
			isa = PBXGroup;
			children = (
				733C3C0F20E8CAFB005983CE /* AppDelegate.swift */,
				733C3C1120E8CAFB005983CE /* ViewController.swift */,
				733C3C1320E8CAFB005983CE /* Main.storyboard */,
				733C3C1620E8CAFC005983CE /* Assets.xcassets */,
				733C3C1820E8CAFC005983CE /* LaunchScreen.storyboard */,
				733C3C1B20E8CAFC005983CE /* Info.plist */,
				733C3C2E20E8D80F005983CE /* DynamicView.swift */,
				733C3C3020E8D824005983CE /* DynamicView.xib */,
			);
			path = DynamicTitleViewSwift;
			sourceTree = "<group>";
		};
/* End PBXGroup section */

/* Begin PBXNativeTarget section */
		733C3C0B20E8CAFB005983CE /* DynamicTitleViewSwift */ = {
			isa = PBXNativeTarget;
			buildConfigurationList = 733C3C1E20E8CAFC005983CE /* Build configuration list for PBXNativeTarget "DynamicTitleViewSwift" */;
			buildPhases = (
				733C3C0820E8CAFB005983CE /* Sources */,
				733C3C0920E8CAFB005983CE /* Frameworks */,
				733C3C0A20E8CAFB005983CE /* Resources */,
			);
			buildRules = (
			);
			dependencies = (
			);
			name = DynamicTitleViewSwift;
			productName = DynamicTitleViewSwift;
			productReference = 733C3C0C20E8CAFB005983CE /* DynamicTitleViewSwift.app */;
			productType = "com.apple.product-type.application";
		};
/* End PBXNativeTarget section */

/* Begin PBXProject section */
		733C3C0420E8CAFB005983CE /* Project object */ = {
			isa = PBXProject;
			attributes = {
				LastSwiftUpdateCheck = 0940;
				LastUpgradeCheck = 0940;
				ORGANIZATIONNAME = Moon;
				TargetAttributes = {
					733C3C0B20E8CAFB005983CE = {
						CreatedOnToolsVersion = 9.4.1;
					};
				};
			};
			buildConfigurationList = 733C3C0720E8CAFB005983CE /* Build configuration list for PBXProject "DynamicTitleViewSwift" */;
			compatibilityVersion = "Xcode 9.3";
			developmentRegion = en;
			hasScannedForEncodings = 0;
			knownRegions = (
				en,
				Base,
			);
			mainGroup = 733C3C0320E8CAFB005983CE;
			productRefGroup = 733C3C0D20E8CAFB005983CE /* Products */;
			projectDirPath = "";
			projectRoot = "";
			targets = (
				733C3C0B20E8CAFB005983CE /* DynamicTitleViewSwift */,
			);
		};
/* End PBXProject section */

/* Begin PBXResourcesBuildPhase section */
		733C3C0A20E8CAFB005983CE /* Resources */ = {
			isa = PBXResourcesBuildPhase;
			buildActionMask = 2147483647;
			files = (
				733C3C3120E8D824005983CE /* DynamicView.xib in Resources */,
				733C3C1A20E8CAFC005983CE /* LaunchScreen.storyboard in Resources */,
				733C3C1720E8CAFC005983CE /* Assets.xcassets in Resources */,
				733C3C1520E8CAFB005983CE /* Main.storyboard in Resources */,
			);
			runOnlyForDeploymentPostprocessing = 0;
		};
/* End PBXResourcesBuildPhase section */

/* Begin PBXSourcesBuildPhase section */
		733C3C0820E8CAFB005983CE /* Sources */ = {
			isa = PBXSourcesBuildPhase;
			buildActionMask = 2147483647;
			files = (
				733C3C2F20E8D80F005983CE /* DynamicView.swift in Sources */,
				733C3C1220E8CAFB005983CE /* ViewController.swift in Sources */,
				733C3C1020E8CAFB005983CE /* AppDelegate.swift in Sources */,
			);
			runOnlyForDeploymentPostprocessing = 0;
		};
/* End PBXSourcesBuildPhase section */

/* Begin PBXVariantGroup section */
		733C3C1320E8CAFB005983CE /* Main.storyboard */ = {
			isa = PBXVariantGroup;
			children = (
				733C3C1420E8CAFB005983CE /* Base */,
			);
			name = Main.storyboard;
			sourceTree = "<group>";
		};
		733C3C1820E8CAFC005983CE /* LaunchScreen.storyboard */ = {
			isa = PBXVariantGroup;
			children = (
				733C3C1920E8CAFC005983CE /* Base */,
			);
			name = LaunchScreen.storyboard;
			sourceTree = "<group>";
		};
/* End PBXVariantGroup section */

/* Begin XCBuildConfiguration section */
		733C3C1C20E8CAFC005983CE /* Debug */ = {
			isa = XCBuildConfiguration;
			buildSettings = {
				ALWAYS_SEARCH_USER_PATHS = NO;
				CLANG_ANALYZER_NONNULL = YES;
				CLANG_ANALYZER_NUMBER_OBJECT_CONVERSION = YES_AGGRESSIVE;
				CLANG_CXX_LANGUAGE_STANDARD = "gnu++14";
				CLANG_CXX_LIBRARY = "libc++";
				CLANG_ENABLE_MODULES = YES;
				CLANG_ENABLE_OBJC_ARC = YES;
				CLANG_ENABLE_OBJC_WEAK = YES;
				CLANG_WARN_BLOCK_CAPTURE_AUTORELEASING = YES;
				CLANG_WARN_BOOL_CONVERSION = YES;
				CLANG_WARN_COMMA = YES;
				CLANG_WARN_CONSTANT_CONVERSION = YES;
				CLANG_WARN_DEPRECATED_OBJC_IMPLEMENTATIONS = YES;
				CLANG_WARN_DIRECT_OBJC_ISA_USAGE = YES_ERROR;
				CLANG_WARN_DOCUMENTATION_COMMENTS = YES;
				CLANG_WARN_EMPTY_BODY = YES;
				CLANG_WARN_ENUM_CONVERSION = YES;
				CLANG_WARN_INFINITE_RECURSION = YES;
				CLANG_WARN_INT_CONVERSION = YES;
				CLANG_WARN_NON_LITERAL_NULL_CONVERSION = YES;
				CLANG_WARN_OBJC_IMPLICIT_RETAIN_SELF = YES;
				CLANG_WARN_OBJC_LITERAL_CONVERSION = YES;
				CLANG_WARN_OBJC_ROOT_CLASS = YES_ERROR;
				CLANG_WARN_RANGE_LOOP_ANALYSIS = YES;
				CLANG_WARN_STRICT_PROTOTYPES = YES;
				CLANG_WARN_SUSPICIOUS_MOVE = YES;
				CLANG_WARN_UNGUARDED_AVAILABILITY = YES_AGGRESSIVE;
				CLANG_WARN_UNREACHABLE_CODE = YES;
				CLANG_WARN__DUPLICATE_METHOD_MATCH = YES;
				CODE_SIGN_IDENTITY = "iPhone Developer";
				COPY_PHASE_STRIP = NO;
				DEBUG_INFORMATION_FORMAT = dwarf;
				ENABLE_STRICT_OBJC_MSGSEND = YES;
				ENABLE_TESTABILITY = YES;
				GCC_C_LANGUAGE_STANDARD = gnu11;
				GCC_DYNAMIC_NO_PIC = NO;
				GCC_NO_COMMON_BLOCKS = YES;
				GCC_OPTIMIZATION_LEVEL = 0;
				GCC_PREPROCESSOR_DEFINITIONS = (
					"DEBUG=1",
					"$(inherited)",
				);
				GCC_WARN_64_TO_32_BIT_CONVERSION = YES;
				GCC_WARN_ABOUT_RETURN_TYPE = YES_ERROR;
				GCC_WARN_UNDECLARED_SELECTOR = YES;
				GCC_WARN_UNINITIALIZED_AUTOS = YES_AGGRESSIVE;
				GCC_WARN_UNUSED_FUNCTION = YES;
				GCC_WARN_UNUSED_VARIABLE = YES;
				IPHONEOS_DEPLOYMENT_TARGET = 11.4;
				MTL_ENABLE_DEBUG_INFO = YES;
				ONLY_ACTIVE_ARCH = YES;
				SDKROOT = iphoneos;
				SWIFT_ACTIVE_COMPILATION_CONDITIONS = DEBUG;
				SWIFT_OPTIMIZATION_LEVEL = "-Onone";
			};
			name = Debug;
		};
		733C3C1D20E8CAFC005983CE /* Release */ = {
			isa = XCBuildConfiguration;
			buildSettings = {
				ALWAYS_SEARCH_USER_PATHS = NO;
				CLANG_ANALYZER_NONNULL = YES;
				CLANG_ANALYZER_NUMBER_OBJECT_CONVERSION = YES_AGGRESSIVE;
				CLANG_CXX_LANGUAGE_STANDARD = "gnu++14";
				CLANG_CXX_LIBRARY = "libc++";
				CLANG_ENABLE_MODULES = YES;
				CLANG_ENABLE_OBJC_ARC = YES;
				CLANG_ENABLE_OBJC_WEAK = YES;
				CLANG_WARN_BLOCK_CAPTURE_AUTORELEASING = YES;
				CLANG_WARN_BOOL_CONVERSION = YES;
				CLANG_WARN_COMMA = YES;
				CLANG_WARN_CONSTANT_CONVERSION = YES;
				CLANG_WARN_DEPRECATED_OBJC_IMPLEMENTATIONS = YES;
				CLANG_WARN_DIRECT_OBJC_ISA_USAGE = YES_ERROR;
				CLANG_WARN_DOCUMENTATION_COMMENTS = YES;
				CLANG_WARN_EMPTY_BODY = YES;
				CLANG_WARN_ENUM_CONVERSION = YES;
				CLANG_WARN_INFINITE_RECURSION = YES;
				CLANG_WARN_INT_CONVERSION = YES;
				CLANG_WARN_NON_LITERAL_NULL_CONVERSION = YES;
				CLANG_WARN_OBJC_IMPLICIT_RETAIN_SELF = YES;
				CLANG_WARN_OBJC_LITERAL_CONVERSION = YES;
				CLANG_WARN_OBJC_ROOT_CLASS = YES_ERROR;
				CLANG_WARN_RANGE_LOOP_ANALYSIS = YES;
				CLANG_WARN_STRICT_PROTOTYPES = YES;
				CLANG_WARN_SUSPICIOUS_MOVE = YES;
				CLANG_WARN_UNGUARDED_AVAILABILITY = YES_AGGRESSIVE;
				CLANG_WARN_UNREACHABLE_CODE = YES;
				CLANG_WARN__DUPLICATE_METHOD_MATCH = YES;
				CODE_SIGN_IDENTITY = "iPhone Developer";
				COPY_PHASE_STRIP = NO;
				DEBUG_INFORMATION_FORMAT = "dwarf-with-dsym";
				ENABLE_NS_ASSERTIONS = NO;
				ENABLE_STRICT_OBJC_MSGSEND = YES;
				GCC_C_LANGUAGE_STANDARD = gnu11;
				GCC_NO_COMMON_BLOCKS = YES;
				GCC_WARN_64_TO_32_BIT_CONVERSION = YES;
				GCC_WARN_ABOUT_RETURN_TYPE = YES_ERROR;
				GCC_WARN_UNDECLARED_SELECTOR = YES;
				GCC_WARN_UNINITIALIZED_AUTOS = YES_AGGRESSIVE;
				GCC_WARN_UNUSED_FUNCTION = YES;
				GCC_WARN_UNUSED_VARIABLE = YES;
				IPHONEOS_DEPLOYMENT_TARGET = 11.4;
				MTL_ENABLE_DEBUG_INFO = NO;
				SDKROOT = iphoneos;
				SWIFT_COMPILATION_MODE = wholemodule;
				SWIFT_OPTIMIZATION_LEVEL = "-O";
				VALIDATE_PRODUCT = YES;
			};
			name = Release;
		};
		733C3C1F20E8CAFC005983CE /* Debug */ = {
			isa = XCBuildConfiguration;
			buildSettings = {
				ASSETCATALOG_COMPILER_APPICON_NAME = AppIcon;
				CODE_SIGN_STYLE = Automatic;
				DEVELOPMENT_TEAM = "";
				INFOPLIST_FILE = DynamicTitleViewSwift/Info.plist;
				LD_RUNPATH_SEARCH_PATHS = (
					"$(inherited)",
					"@executable_path/Frameworks",
				);
				PRODUCT_BUNDLE_IDENTIFIER = io.marvinlin.DynamicTitleViewSwift;
				PRODUCT_NAME = "$(TARGET_NAME)";
				SWIFT_VERSION = 4.0;
				TARGETED_DEVICE_FAMILY = "1,2";
			};
			name = Debug;
		};
		733C3C2020E8CAFC005983CE /* Release */ = {
			isa = XCBuildConfiguration;
			buildSettings = {
				ASSETCATALOG_COMPILER_APPICON_NAME = AppIcon;
				CODE_SIGN_STYLE = Automatic;
				DEVELOPMENT_TEAM = "";
				INFOPLIST_FILE = DynamicTitleViewSwift/Info.plist;
				LD_RUNPATH_SEARCH_PATHS = (
					"$(inherited)",
					"@executable_path/Frameworks",
				);
				PRODUCT_BUNDLE_IDENTIFIER = io.marvinlin.DynamicTitleViewSwift;
				PRODUCT_NAME = "$(TARGET_NAME)";
				SWIFT_VERSION = 4.0;
				TARGETED_DEVICE_FAMILY = "1,2";
			};
			name = Release;
		};
/* End XCBuildConfiguration section */

/* Begin XCConfigurationList section */
		733C3C0720E8CAFB005983CE /* Build configuration list for PBXProject "DynamicTitleViewSwift" */ = {
			isa = XCConfigurationList;
			buildConfigurations = (
				733C3C1C20E8CAFC005983CE /* Debug */,
				733C3C1D20E8CAFC005983CE /* Release */,
			);
			defaultConfigurationIsVisible = 0;
			defaultConfigurationName = Release;
		};
		733C3C1E20E8CAFC005983CE /* Build configuration list for PBXNativeTarget "DynamicTitleViewSwift" */ = {
			isa = XCConfigurationList;
			buildConfigurations = (
				733C3C1F20E8CAFC005983CE /* Debug */,
				733C3C2020E8CAFC005983CE /* Release */,
			);
			defaultConfigurationIsVisible = 0;
			defaultConfigurationName = Release;
		};
/* End XCConfigurationList section */
	};
	rootObject = 733C3C0420E8CAFB005983CE /* Project object */;
}
